# This file is automatically @generated by Cargo.
# It is not intended for manual editing.
version = 4

[[package]]
name = "os1-app"
version = "0.1.0"
dependencies = [
 "os1-engine",
 "os1-server",
]

[[package]]
name = "os1-cache"
version = "0.1.0"
dependencies = [
 "os1-datastruct",
 "os1-io",
]

[[package]]
name = "os1-datastruct"
version = "0.1.0"

[[package]]
name = "os1-db"
version = "0.1.0"

[[package]]
name = "os1-engine"
version = "0.1.0"
dependencies = [
 "os1-cache",
 "os1-datastruct",
 "os1-io",
 "os1-protocol",
 "os1-wordenc",
]

[[package]]
name = "os1-io"
version = "0.1.0"

[[package]]
name = "os1-protocol"
version = "0.1.0"
dependencies = [
 "os1-cache",
 "os1-io",
]

[[package]]
name = "os1-server"
version = "0.1.0"
dependencies = [
 "os1-db",
 "os1-engine",
 "os1-io",
 "os1-protocol",
]

[[package]]
name = "os1-wordenc"
version = "0.1.0"
dependencies = [
 "os1-io",
]
