# This file is automatically @generated by Cargo.
# It is not intended for manual editing.
version = 4

[[package]]
name = "app"
version = "0.1.0"
dependencies = [
 "engine",
 "server",
]

[[package]]
name = "cache"
version = "0.1.0"
dependencies = [
 "datastruct",
 "io",
]

[[package]]
name = "datastruct"
version = "0.1.0"

[[package]]
name = "db"
version = "0.1.0"

[[package]]
name = "engine"
version = "0.1.0"
dependencies = [
 "cache",
 "datastruct",
 "io",
 "protocol",
 "wordenc",
]

[[package]]
name = "io"
version = "0.1.0"

[[package]]
name = "protocol"
version = "0.1.0"
dependencies = [
 "cache",
 "io",
]

[[package]]
name = "server"
version = "0.1.0"
dependencies = [
 "db",
 "engine",
 "io",
 "protocol",
]

[[package]]
name = "wordenc"
version = "0.1.0"
dependencies = [
 "io",
]
